// !$*UTF8*$!
{
	archiveVersion = 1;
	classes = {
	};
	objectVersion = 50;
	objects = {

/* Begin PBXBuildFile section */
		DB2DC708208CCBC2008F3FF0 /* TWAbstractLogger.h in Headers */ = {isa = PBXBuildFile; fileRef = DB2DC706208CCBC2008F3FF0 /* TWAbstractLogger.h */; settings = {ATTRIBUTES = (Public, ); }; };
		DB2DC709208CCBC2008F3FF0 /* TWAbstractLogger.m in Sources */ = {isa = PBXBuildFile; fileRef = DB2DC707208CCBC2008F3FF0 /* TWAbstractLogger.m */; };
		DB2DC70B208CCFDD008F3FF0 /* TWAbstractLoggerProject.h in Headers */ = {isa = PBXBuildFile; fileRef = DB2DC70A208CCFAA008F3FF0 /* TWAbstractLoggerProject.h */; };
		DB2DC70E208CD33F008F3FF0 /* TWSqliteLogger.h in Headers */ = {isa = PBXBuildFile; fileRef = DB2DC70C208CD33F008F3FF0 /* TWSqliteLogger.h */; settings = {ATTRIBUTES = (Public, ); }; };
		DB2DC70F208CD33F008F3FF0 /* TWSqliteLogger.m in Sources */ = {isa = PBXBuildFile; fileRef = DB2DC70D208CD33F008F3FF0 /* TWSqliteLogger.m */; };
		DB2DC712208CD58C008F3FF0 /* libsqlite3.tbd in Frameworks */ = {isa = PBXBuildFile; fileRef = DB2DC711208CD58C008F3FF0 /* libsqlite3.tbd */; };
		DB8051A0208B89E90001CA8D /* TWLogFormatter.h in Headers */ = {isa = PBXBuildFile; fileRef = DB80519E208B89E90001CA8D /* TWLogFormatter.h */; settings = {ATTRIBUTES = (Public, ); }; };
		DB8051A5208B92AC0001CA8D /* TWLogLevel.h in Headers */ = {isa = PBXBuildFile; fileRef = DB8051A4208B928F0001CA8D /* TWLogLevel.h */; settings = {ATTRIBUTES = (Public, ); }; };
		DB8051A6208B93590001CA8D /* TWLogFormatter.m in Sources */ = {isa = PBXBuildFile; fileRef = DB80519F208B89E90001CA8D /* TWLogFormatter.m */; };
		DB8051A8208B942D0001CA8D /* TWLogFormatterTest.m in Sources */ = {isa = PBXBuildFile; fileRef = DB8051A7208B942D0001CA8D /* TWLogFormatterTest.m */; };
		DBB669A3208372FC004EA937 /* TWFileLogger.h in Headers */ = {isa = PBXBuildFile; fileRef = DBB669A1208372FC004EA937 /* TWFileLogger.h */; settings = {ATTRIBUTES = (Public, ); }; };
		DBB669A4208372FC004EA937 /* TWFileLogger.m in Sources */ = {isa = PBXBuildFile; fileRef = DBB669A2208372FC004EA937 /* TWFileLogger.m */; };
		DBB669A82083749F004EA937 /* TWLoggerOptions.m in Sources */ = {isa = PBXBuildFile; fileRef = DBB669A62083749F004EA937 /* TWLoggerOptions.m */; };
		DBB669AA208669AF004EA937 /* TWFileLoggerTest.m in Sources */ = {isa = PBXBuildFile; fileRef = DBB669A9208669AF004EA937 /* TWFileLoggerTest.m */; };
		DBB669AB20867013004EA937 /* TWLoggerOptions.h in Headers */ = {isa = PBXBuildFile; fileRef = DBB669A52083749F004EA937 /* TWLoggerOptions.h */; settings = {ATTRIBUTES = (Public, ); }; };
		DBE46B70207C095C00F5A3BE /* TWLogger.framework in Frameworks */ = {isa = PBXBuildFile; fileRef = DBE46B66207C095B00F5A3BE /* TWLogger.framework */; };
		DBE46B75207C095C00F5A3BE /* TWLoggerTests.m in Sources */ = {isa = PBXBuildFile; fileRef = DBE46B74207C095C00F5A3BE /* TWLoggerTests.m */; };
		DBE46B77207C095C00F5A3BE /* TWLogger.h in Headers */ = {isa = PBXBuildFile; fileRef = DBE46B69207C095B00F5A3BE /* TWLogger.h */; settings = {ATTRIBUTES = (Public, ); }; };
		DBE46B82207C098700F5A3BE /* TWLog.h in Headers */ = {isa = PBXBuildFile; fileRef = DBE46B80207C098700F5A3BE /* TWLog.h */; settings = {ATTRIBUTES = (Public, ); }; };
		DBE46B83207C098700F5A3BE /* TWLog.m in Sources */ = {isa = PBXBuildFile; fileRef = DBE46B81207C098700F5A3BE /* TWLog.m */; };
		DBE46B85207C1A3700F5A3BE /* TWLogDelegate.h in Headers */ = {isa = PBXBuildFile; fileRef = DBE46B84207C190A00F5A3BE /* TWLogDelegate.h */; settings = {ATTRIBUTES = (Public, ); }; };
		DBE46B88207C1F6B00F5A3BE /* TWUtils.h in Headers */ = {isa = PBXBuildFile; fileRef = DBE46B86207C1F6B00F5A3BE /* TWUtils.h */; };
		DBE46B89207C1F6B00F5A3BE /* TWUtils.m in Sources */ = {isa = PBXBuildFile; fileRef = DBE46B87207C1F6B00F5A3BE /* TWUtils.m */; };
		DBF07FC9208BA5F800F2F39D /* TWLogFormatterProject.h in Headers */ = {isa = PBXBuildFile; fileRef = DBF07FC8208BA5DE00F2F39D /* TWLogFormatterProject.h */; };
/* End PBXBuildFile section */

/* Begin PBXContainerItemProxy section */
		DBE46B71207C095C00F5A3BE /* PBXContainerItemProxy */ = {
			isa = PBXContainerItemProxy;
			containerPortal = DBE46B5D207C095B00F5A3BE /* Project object */;
			proxyType = 1;
			remoteGlobalIDString = DBE46B65207C095B00F5A3BE;
			remoteInfo = TDWLogger;
		};
/* End PBXContainerItemProxy section */

/* Begin PBXFileReference section */
		DB2DC706208CCBC2008F3FF0 /* TWAbstractLogger.h */ = {isa = PBXFileReference; lastKnownFileType = sourcecode.c.h; path = TWAbstractLogger.h; sourceTree = "<group>"; };
		DB2DC707208CCBC2008F3FF0 /* TWAbstractLogger.m */ = {isa = PBXFileReference; lastKnownFileType = sourcecode.c.objc; path = TWAbstractLogger.m; sourceTree = "<group>"; };
		DB2DC70A208CCFAA008F3FF0 /* TWAbstractLoggerProject.h */ = {isa = PBXFileReference; lastKnownFileType = sourcecode.c.h; path = TWAbstractLoggerProject.h; sourceTree = "<group>"; };
		DB2DC70C208CD33F008F3FF0 /* TWSqliteLogger.h */ = {isa = PBXFileReference; lastKnownFileType = sourcecode.c.h; path = TWSqliteLogger.h; sourceTree = "<group>"; };
		DB2DC70D208CD33F008F3FF0 /* TWSqliteLogger.m */ = {isa = PBXFileReference; lastKnownFileType = sourcecode.c.objc; path = TWSqliteLogger.m; sourceTree = "<group>"; };
		DB2DC711208CD58C008F3FF0 /* libsqlite3.tbd */ = {isa = PBXFileReference; lastKnownFileType = "sourcecode.text-based-dylib-definition"; name = libsqlite3.tbd; path = usr/lib/libsqlite3.tbd; sourceTree = SDKROOT; };
		DB80519E208B89E90001CA8D /* TWLogFormatter.h */ = {isa = PBXFileReference; lastKnownFileType = sourcecode.c.h; path = TWLogFormatter.h; sourceTree = "<group>"; };
		DB80519F208B89E90001CA8D /* TWLogFormatter.m */ = {isa = PBXFileReference; lastKnownFileType = sourcecode.c.objc; path = TWLogFormatter.m; sourceTree = "<group>"; };
		DB8051A4208B928F0001CA8D /* TWLogLevel.h */ = {isa = PBXFileReference; lastKnownFileType = sourcecode.c.h; path = TWLogLevel.h; sourceTree = "<group>"; };
		DB8051A7208B942D0001CA8D /* TWLogFormatterTest.m */ = {isa = PBXFileReference; lastKnownFileType = sourcecode.c.objc; path = TWLogFormatterTest.m; sourceTree = "<group>"; };
		DBB669A1208372FC004EA937 /* TWFileLogger.h */ = {isa = PBXFileReference; lastKnownFileType = sourcecode.c.h; path = TWFileLogger.h; sourceTree = "<group>"; };
		DBB669A2208372FC004EA937 /* TWFileLogger.m */ = {isa = PBXFileReference; lastKnownFileType = sourcecode.c.objc; path = TWFileLogger.m; sourceTree = "<group>"; };
		DBB669A52083749F004EA937 /* TWLoggerOptions.h */ = {isa = PBXFileReference; lastKnownFileType = sourcecode.c.h; path = TWLoggerOptions.h; sourceTree = "<group>"; };
		DBB669A62083749F004EA937 /* TWLoggerOptions.m */ = {isa = PBXFileReference; lastKnownFileType = sourcecode.c.objc; path = TWLoggerOptions.m; sourceTree = "<group>"; };
		DBB669A9208669AF004EA937 /* TWFileLoggerTest.m */ = {isa = PBXFileReference; lastKnownFileType = sourcecode.c.objc; path = TWFileLoggerTest.m; sourceTree = "<group>"; };
		DBE46B66207C095B00F5A3BE /* TWLogger.framework */ = {isa = PBXFileReference; explicitFileType = wrapper.framework; includeInIndex = 0; path = TWLogger.framework; sourceTree = BUILT_PRODUCTS_DIR; };
		DBE46B69207C095B00F5A3BE /* TWLogger.h */ = {isa = PBXFileReference; lastKnownFileType = sourcecode.c.h; path = TWLogger.h; sourceTree = "<group>"; };
		DBE46B6A207C095C00F5A3BE /* Info.plist */ = {isa = PBXFileReference; lastKnownFileType = text.plist.xml; path = Info.plist; sourceTree = "<group>"; };
		DBE46B6F207C095C00F5A3BE /* TWLoggerTests.xctest */ = {isa = PBXFileReference; explicitFileType = wrapper.cfbundle; includeInIndex = 0; path = TWLoggerTests.xctest; sourceTree = BUILT_PRODUCTS_DIR; };
		DBE46B74207C095C00F5A3BE /* TWLoggerTests.m */ = {isa = PBXFileReference; lastKnownFileType = sourcecode.c.objc; path = TWLoggerTests.m; sourceTree = "<group>"; };
		DBE46B76207C095C00F5A3BE /* Info.plist */ = {isa = PBXFileReference; lastKnownFileType = text.plist.xml; path = Info.plist; sourceTree = "<group>"; };
		DBE46B80207C098700F5A3BE /* TWLog.h */ = {isa = PBXFileReference; lastKnownFileType = sourcecode.c.h; path = TWLog.h; sourceTree = "<group>"; };
		DBE46B81207C098700F5A3BE /* TWLog.m */ = {isa = PBXFileReference; lastKnownFileType = sourcecode.c.objc; path = TWLog.m; sourceTree = "<group>"; };
		DBE46B84207C190A00F5A3BE /* TWLogDelegate.h */ = {isa = PBXFileReference; lastKnownFileType = sourcecode.c.h; path = TWLogDelegate.h; sourceTree = "<group>"; };
		DBE46B86207C1F6B00F5A3BE /* TWUtils.h */ = {isa = PBXFileReference; lastKnownFileType = sourcecode.c.h; path = TWUtils.h; sourceTree = "<group>"; };
		DBE46B87207C1F6B00F5A3BE /* TWUtils.m */ = {isa = PBXFileReference; lastKnownFileType = sourcecode.c.objc; path = TWUtils.m; sourceTree = "<group>"; };
		DBF07FC8208BA5DE00F2F39D /* TWLogFormatterProject.h */ = {isa = PBXFileReference; lastKnownFileType = sourcecode.c.h; path = TWLogFormatterProject.h; sourceTree = "<group>"; };
/* End PBXFileReference section */

/* Begin PBXFrameworksBuildPhase section */
		DBE46B62207C095B00F5A3BE /* Frameworks */ = {
			isa = PBXFrameworksBuildPhase;
			buildActionMask = 2147483647;
			files = (
				DB2DC712208CD58C008F3FF0 /* libsqlite3.tbd in Frameworks */,
			);
			runOnlyForDeploymentPostprocessing = 0;
		};
		DBE46B6C207C095C00F5A3BE /* Frameworks */ = {
			isa = PBXFrameworksBuildPhase;
			buildActionMask = 2147483647;
			files = (
				DBE46B70207C095C00F5A3BE /* TWLogger.framework in Frameworks */,
			);
			runOnlyForDeploymentPostprocessing = 0;
		};
/* End PBXFrameworksBuildPhase section */

/* Begin PBXGroup section */
		DB2DC710208CD58B008F3FF0 /* Frameworks */ = {
			isa = PBXGroup;
			children = (
				DB2DC711208CD58C008F3FF0 /* libsqlite3.tbd */,
			);
			name = Frameworks;
			sourceTree = "<group>";
		};
		DBE46B5C207C095B00F5A3BE = {
			isa = PBXGroup;
			children = (
				DBE46B68207C095B00F5A3BE /* TWLogger */,
				DBE46B73207C095C00F5A3BE /* TWLoggerTests */,
				DBE46B67207C095B00F5A3BE /* Products */,
				DB2DC710208CD58B008F3FF0 /* Frameworks */,
			);
			sourceTree = "<group>";
		};
		DBE46B67207C095B00F5A3BE /* Products */ = {
			isa = PBXGroup;
			children = (
				DBE46B66207C095B00F5A3BE /* TWLogger.framework */,
				DBE46B6F207C095C00F5A3BE /* TWLoggerTests.xctest */,
			);
			name = Products;
			sourceTree = "<group>";
		};
		DBE46B68207C095B00F5A3BE /* TWLogger */ = {
			isa = PBXGroup;
			children = (
				DBE46B69207C095B00F5A3BE /* TWLogger.h */,
				DBE46B6A207C095C00F5A3BE /* Info.plist */,
				DBE46B80207C098700F5A3BE /* TWLog.h */,
				DBE46B81207C098700F5A3BE /* TWLog.m */,
				DBE46B84207C190A00F5A3BE /* TWLogDelegate.h */,
				DBE46B86207C1F6B00F5A3BE /* TWUtils.h */,
				DBE46B87207C1F6B00F5A3BE /* TWUtils.m */,
				DBB669A1208372FC004EA937 /* TWFileLogger.h */,
				DBB669A2208372FC004EA937 /* TWFileLogger.m */,
				DBB669A52083749F004EA937 /* TWLoggerOptions.h */,
				DBB669A62083749F004EA937 /* TWLoggerOptions.m */,
				DB80519E208B89E90001CA8D /* TWLogFormatter.h */,
				DBF07FC8208BA5DE00F2F39D /* TWLogFormatterProject.h */,
				DB80519F208B89E90001CA8D /* TWLogFormatter.m */,
				DB8051A4208B928F0001CA8D /* TWLogLevel.h */,
				DB2DC706208CCBC2008F3FF0 /* TWAbstractLogger.h */,
				DB2DC70A208CCFAA008F3FF0 /* TWAbstractLoggerProject.h */,
				DB2DC707208CCBC2008F3FF0 /* TWAbstractLogger.m */,
				DB2DC70C208CD33F008F3FF0 /* TWSqliteLogger.h */,
				DB2DC70D208CD33F008F3FF0 /* TWSqliteLogger.m */,
			);
			path = TWLogger;
			sourceTree = "<group>";
		};
		DBE46B73207C095C00F5A3BE /* TWLoggerTests */ = {
			isa = PBXGroup;
			children = (
				DBE46B74207C095C00F5A3BE /* TWLoggerTests.m */,
				DBE46B76207C095C00F5A3BE /* Info.plist */,
				DBB669A9208669AF004EA937 /* TWFileLoggerTest.m */,
				DB8051A7208B942D0001CA8D /* TWLogFormatterTest.m */,
			);
			path = TWLoggerTests;
			sourceTree = "<group>";
		};
/* End PBXGroup section */

/* Begin PBXHeadersBuildPhase section */
		DBE46B63207C095B00F5A3BE /* Headers */ = {
			isa = PBXHeadersBuildPhase;
			buildActionMask = 2147483647;
			files = (
				DB2DC708208CCBC2008F3FF0 /* TWAbstractLogger.h in Headers */,
				DBE46B88207C1F6B00F5A3BE /* TWUtils.h in Headers */,
				DB2DC70B208CCFDD008F3FF0 /* TWAbstractLoggerProject.h in Headers */,
				DB2DC70E208CD33F008F3FF0 /* TWSqliteLogger.h in Headers */,
				DBB669A3208372FC004EA937 /* TWFileLogger.h in Headers */,
				DBE46B82207C098700F5A3BE /* TWLog.h in Headers */,
				DBE46B85207C1A3700F5A3BE /* TWLogDelegate.h in Headers */,
				DBF07FC9208BA5F800F2F39D /* TWLogFormatterProject.h in Headers */,
				DBE46B77207C095C00F5A3BE /* TWLogger.h in Headers */,
				DBB669AB20867013004EA937 /* TWLoggerOptions.h in Headers */,
				DB8051A0208B89E90001CA8D /* TWLogFormatter.h in Headers */,
				DB8051A5208B92AC0001CA8D /* TWLogLevel.h in Headers */,
			);
			runOnlyForDeploymentPostprocessing = 0;
		};
/* End PBXHeadersBuildPhase section */

/* Begin PBXNativeTarget section */
		DBE46B65207C095B00F5A3BE /* TWLogger */ = {
			isa = PBXNativeTarget;
			buildConfigurationList = DBE46B7A207C095C00F5A3BE /* Build configuration list for PBXNativeTarget "TWLogger" */;
			buildPhases = (
				DBE46B61207C095B00F5A3BE /* Sources */,
				DBE46B62207C095B00F5A3BE /* Frameworks */,
				DBE46B63207C095B00F5A3BE /* Headers */,
				DBE46B64207C095B00F5A3BE /* Resources */,
			);
			buildRules = (
			);
			dependencies = (
			);
			name = TWLogger;
			productName = TDWLogger;
			productReference = DBE46B66207C095B00F5A3BE /* TWLogger.framework */;
			productType = "com.apple.product-type.framework";
		};
		DBE46B6E207C095C00F5A3BE /* TWLoggerTests */ = {
			isa = PBXNativeTarget;
			buildConfigurationList = DBE46B7D207C095C00F5A3BE /* Build configuration list for PBXNativeTarget "TWLoggerTests" */;
			buildPhases = (
				DBE46B6B207C095C00F5A3BE /* Sources */,
				DBE46B6C207C095C00F5A3BE /* Frameworks */,
				DBE46B6D207C095C00F5A3BE /* Resources */,
			);
			buildRules = (
			);
			dependencies = (
				DBE46B72207C095C00F5A3BE /* PBXTargetDependency */,
			);
			name = TWLoggerTests;
			productName = TDWLoggerTests;
			productReference = DBE46B6F207C095C00F5A3BE /* TWLoggerTests.xctest */;
			productType = "com.apple.product-type.bundle.unit-test";
		};
/* End PBXNativeTarget section */

/* Begin PBXProject section */
		DBE46B5D207C095B00F5A3BE /* Project object */ = {
			isa = PBXProject;
			attributes = {
				LastUpgradeCheck = 0930;
				ORGANIZATIONNAME = "Thomas Wilson";
				TargetAttributes = {
					DBE46B65207C095B00F5A3BE = {
						CreatedOnToolsVersion = 9.3;
					};
					DBE46B6E207C095C00F5A3BE = {
						CreatedOnToolsVersion = 9.3;
					};
				};
			};
			buildConfigurationList = DBE46B60207C095B00F5A3BE /* Build configuration list for PBXProject "TWLogger" */;
			compatibilityVersion = "Xcode 9.3";
			developmentRegion = en;
			hasScannedForEncodings = 0;
			knownRegions = (
				en,
			);
			mainGroup = DBE46B5C207C095B00F5A3BE;
			productRefGroup = DBE46B67207C095B00F5A3BE /* Products */;
			projectDirPath = "";
			projectRoot = "";
			targets = (
				DBE46B65207C095B00F5A3BE /* TWLogger */,
				DBE46B6E207C095C00F5A3BE /* TWLoggerTests */,
			);
		};
/* End PBXProject section */

/* Begin PBXResourcesBuildPhase section */
		DBE46B64207C095B00F5A3BE /* Resources */ = {
			isa = PBXResourcesBuildPhase;
			buildActionMask = 2147483647;
			files = (
			);
			runOnlyForDeploymentPostprocessing = 0;
		};
		DBE46B6D207C095C00F5A3BE /* Resources */ = {
			isa = PBXResourcesBuildPhase;
			buildActionMask = 2147483647;
			files = (
			);
			runOnlyForDeploymentPostprocessing = 0;
		};
/* End PBXResourcesBuildPhase section */

/* Begin PBXSourcesBuildPhase section */
		DBE46B61207C095B00F5A3BE /* Sources */ = {
			isa = PBXSourcesBuildPhase;
			buildActionMask = 2147483647;
			files = (
				DBB669A82083749F004EA937 /* TWLoggerOptions.m in Sources */,
				DB2DC70F208CD33F008F3FF0 /* TWSqliteLogger.m in Sources */,
				DBB669A4208372FC004EA937 /* TWFileLogger.m in Sources */,
				DBE46B83207C098700F5A3BE /* TWLog.m in Sources */,
				DB2DC709208CCBC2008F3FF0 /* TWAbstractLogger.m in Sources */,
				DBE46B89207C1F6B00F5A3BE /* TWUtils.m in Sources */,
				DB8051A6208B93590001CA8D /* TWLogFormatter.m in Sources */,
			);
			runOnlyForDeploymentPostprocessing = 0;
		};
		DBE46B6B207C095C00F5A3BE /* Sources */ = {
			isa = PBXSourcesBuildPhase;
			buildActionMask = 2147483647;
			files = (
				DBE46B75207C095C00F5A3BE /* TWLoggerTests.m in Sources */,
				DB8051A8208B942D0001CA8D /* TWLogFormatterTest.m in Sources */,
				DBB669AA208669AF004EA937 /* TWFileLoggerTest.m in Sources */,
			);
			runOnlyForDeploymentPostprocessing = 0;
		};
/* End PBXSourcesBuildPhase section */

/* Begin PBXTargetDependency section */
		DBE46B72207C095C00F5A3BE /* PBXTargetDependency */ = {
			isa = PBXTargetDependency;
			target = DBE46B65207C095B00F5A3BE /* TWLogger */;
			targetProxy = DBE46B71207C095C00F5A3BE /* PBXContainerItemProxy */;
		};
/* End PBXTargetDependency section */

/* Begin XCBuildConfiguration section */
		DBE46B78207C095C00F5A3BE /* Debug */ = {
			isa = XCBuildConfiguration;
			buildSettings = {
				ALWAYS_SEARCH_USER_PATHS = NO;
				CLANG_ANALYZER_NONNULL = YES;
				CLANG_ANALYZER_NUMBER_OBJECT_CONVERSION = YES_AGGRESSIVE;
				CLANG_CXX_LANGUAGE_STANDARD = "gnu++14";
				CLANG_CXX_LIBRARY = "libc++";
				CLANG_ENABLE_MODULES = YES;
				CLANG_ENABLE_OBJC_ARC = YES;
				CLANG_ENABLE_OBJC_WEAK = YES;
				CLANG_WARN_BLOCK_CAPTURE_AUTORELEASING = YES;
				CLANG_WARN_BOOL_CONVERSION = YES;
				CLANG_WARN_COMMA = YES;
				CLANG_WARN_CONSTANT_CONVERSION = YES;
				CLANG_WARN_DEPRECATED_OBJC_IMPLEMENTATIONS = YES;
				CLANG_WARN_DIRECT_OBJC_ISA_USAGE = YES_ERROR;
				CLANG_WARN_DOCUMENTATION_COMMENTS = YES;
				CLANG_WARN_EMPTY_BODY = YES;
				CLANG_WARN_ENUM_CONVERSION = YES;
				CLANG_WARN_INFINITE_RECURSION = YES;
				CLANG_WARN_INT_CONVERSION = YES;
				CLANG_WARN_NON_LITERAL_NULL_CONVERSION = YES;
				CLANG_WARN_OBJC_IMPLICIT_RETAIN_SELF = YES;
				CLANG_WARN_OBJC_LITERAL_CONVERSION = YES;
				CLANG_WARN_OBJC_ROOT_CLASS = YES_ERROR;
				CLANG_WARN_RANGE_LOOP_ANALYSIS = YES;
				CLANG_WARN_STRICT_PROTOTYPES = YES;
				CLANG_WARN_SUSPICIOUS_MOVE = YES;
				CLANG_WARN_UNGUARDED_AVAILABILITY = YES_AGGRESSIVE;
				CLANG_WARN_UNREACHABLE_CODE = YES;
				CLANG_WARN__DUPLICATE_METHOD_MATCH = YES;
				CODE_SIGN_IDENTITY = "iPhone Developer";
				COPY_PHASE_STRIP = NO;
				CURRENT_PROJECT_VERSION = 1;
				DEBUG_INFORMATION_FORMAT = dwarf;
				ENABLE_STRICT_OBJC_MSGSEND = YES;
				ENABLE_TESTABILITY = YES;
				GCC_C_LANGUAGE_STANDARD = gnu11;
				GCC_DYNAMIC_NO_PIC = NO;
				GCC_NO_COMMON_BLOCKS = YES;
				GCC_OPTIMIZATION_LEVEL = 0;
				GCC_PREPROCESSOR_DEFINITIONS = (
					"DEBUG=1",
					"$(inherited)",
				);
				GCC_WARN_64_TO_32_BIT_CONVERSION = YES;
				GCC_WARN_ABOUT_RETURN_TYPE = YES_ERROR;
				GCC_WARN_UNDECLARED_SELECTOR = YES;
				GCC_WARN_UNINITIALIZED_AUTOS = YES_AGGRESSIVE;
				GCC_WARN_UNUSED_FUNCTION = YES;
				GCC_WARN_UNUSED_VARIABLE = YES;
				IPHONEOS_DEPLOYMENT_TARGET = 11.3;
				MTL_ENABLE_DEBUG_INFO = YES;
				ONLY_ACTIVE_ARCH = YES;
				SDKROOT = iphoneos;
				VERSIONING_SYSTEM = "apple-generic";
				VERSION_INFO_PREFIX = "";
			};
			name = Debug;
		};
		DBE46B79207C095C00F5A3BE /* Release */ = {
			isa = XCBuildConfiguration;
			buildSettings = {
				ALWAYS_SEARCH_USER_PATHS = NO;
				CLANG_ANALYZER_NONNULL = YES;
				CLANG_ANALYZER_NUMBER_OBJECT_CONVERSION = YES_AGGRESSIVE;
				CLANG_CXX_LANGUAGE_STANDARD = "gnu++14";
				CLANG_CXX_LIBRARY = "libc++";
				CLANG_ENABLE_MODULES = YES;
				CLANG_ENABLE_OBJC_ARC = YES;
				CLANG_ENABLE_OBJC_WEAK = YES;
				CLANG_WARN_BLOCK_CAPTURE_AUTORELEASING = YES;
				CLANG_WARN_BOOL_CONVERSION = YES;
				CLANG_WARN_COMMA = YES;
				CLANG_WARN_CONSTANT_CONVERSION = YES;
				CLANG_WARN_DEPRECATED_OBJC_IMPLEMENTATIONS = YES;
				CLANG_WARN_DIRECT_OBJC_ISA_USAGE = YES_ERROR;
				CLANG_WARN_DOCUMENTATION_COMMENTS = YES;
				CLANG_WARN_EMPTY_BODY = YES;
				CLANG_WARN_ENUM_CONVERSION = YES;
				CLANG_WARN_INFINITE_RECURSION = YES;
				CLANG_WARN_INT_CONVERSION = YES;
				CLANG_WARN_NON_LITERAL_NULL_CONVERSION = YES;
				CLANG_WARN_OBJC_IMPLICIT_RETAIN_SELF = YES;
				CLANG_WARN_OBJC_LITERAL_CONVERSION = YES;
				CLANG_WARN_OBJC_ROOT_CLASS = YES_ERROR;
				CLANG_WARN_RANGE_LOOP_ANALYSIS = YES;
				CLANG_WARN_STRICT_PROTOTYPES = YES;
				CLANG_WARN_SUSPICIOUS_MOVE = YES;
				CLANG_WARN_UNGUARDED_AVAILABILITY = YES_AGGRESSIVE;
				CLANG_WARN_UNREACHABLE_CODE = YES;
				CLANG_WARN__DUPLICATE_METHOD_MATCH = YES;
				CODE_SIGN_IDENTITY = "iPhone Developer";
				COPY_PHASE_STRIP = NO;
				CURRENT_PROJECT_VERSION = 1;
				DEBUG_INFORMATION_FORMAT = "dwarf-with-dsym";
				ENABLE_NS_ASSERTIONS = NO;
				ENABLE_STRICT_OBJC_MSGSEND = YES;
				GCC_C_LANGUAGE_STANDARD = gnu11;
				GCC_NO_COMMON_BLOCKS = YES;
				GCC_WARN_64_TO_32_BIT_CONVERSION = YES;
				GCC_WARN_ABOUT_RETURN_TYPE = YES_ERROR;
				GCC_WARN_UNDECLARED_SELECTOR = YES;
				GCC_WARN_UNINITIALIZED_AUTOS = YES_AGGRESSIVE;
				GCC_WARN_UNUSED_FUNCTION = YES;
				GCC_WARN_UNUSED_VARIABLE = YES;
				IPHONEOS_DEPLOYMENT_TARGET = 11.3;
				MTL_ENABLE_DEBUG_INFO = NO;
				SDKROOT = iphoneos;
				VALIDATE_PRODUCT = YES;
				VERSIONING_SYSTEM = "apple-generic";
				VERSION_INFO_PREFIX = "";
			};
			name = Release;
		};
		DBE46B7B207C095C00F5A3BE /* Debug */ = {
			isa = XCBuildConfiguration;
			buildSettings = {
				CODE_SIGN_IDENTITY = "";
				CODE_SIGN_STYLE = Automatic;
				DEFINES_MODULE = YES;
				DEVELOPMENT_TEAM = BQ2U65ZE29;
				DYLIB_COMPATIBILITY_VERSION = 1;
				DYLIB_CURRENT_VERSION = 1;
				DYLIB_INSTALL_NAME_BASE = "@rpath";
				INFOPLIST_FILE = TWLogger/Info.plist;
				INSTALL_PATH = "$(LOCAL_LIBRARY_DIR)/Frameworks";
				LD_RUNPATH_SEARCH_PATHS = (
					"$(inherited)",
					"@executable_path/Frameworks",
					"@loader_path/Frameworks",
				);
				PRODUCT_BUNDLE_IDENTIFIER = ThomasWilson.Development.TDWLogger;
				PRODUCT_NAME = "$(TARGET_NAME:c99extidentifier)";
				SKIP_INSTALL = YES;
				TARGETED_DEVICE_FAMILY = "1,2";
			};
			name = Debug;
		};
		DBE46B7C207C095C00F5A3BE /* Release */ = {
			isa = XCBuildConfiguration;
			buildSettings = {
				CODE_SIGN_IDENTITY = "";
				CODE_SIGN_STYLE = Automatic;
				DEFINES_MODULE = YES;
				DEVELOPMENT_TEAM = BQ2U65ZE29;
				DYLIB_COMPATIBILITY_VERSION = 1;
				DYLIB_CURRENT_VERSION = 1;
				DYLIB_INSTALL_NAME_BASE = "@rpath";
				INFOPLIST_FILE = TWLogger/Info.plist;
				INSTALL_PATH = "$(LOCAL_LIBRARY_DIR)/Frameworks";
				LD_RUNPATH_SEARCH_PATHS = (
					"$(inherited)",
					"@executable_path/Frameworks",
					"@loader_path/Frameworks",
				);
				PRODUCT_BUNDLE_IDENTIFIER = ThomasWilson.Development.TDWLogger;
				PRODUCT_NAME = "$(TARGET_NAME:c99extidentifier)";
				SKIP_INSTALL = YES;
				TARGETED_DEVICE_FAMILY = "1,2";
			};
			name = Release;
		};
		DBE46B7E207C095C00F5A3BE /* Debug */ = {
			isa = XCBuildConfiguration;
			buildSettings = {
				CODE_SIGN_STYLE = Automatic;
				DEVELOPMENT_TEAM = BQ2U65ZE29;
				INFOPLIST_FILE = TWLoggerTests/Info.plist;
				LD_RUNPATH_SEARCH_PATHS = (
					"$(inherited)",
					"@executable_path/Frameworks",
					"@loader_path/Frameworks",
				);
				PRODUCT_BUNDLE_IDENTIFIER = ThomasWilson.Development.TDWLoggerTests;
				PRODUCT_NAME = "$(TARGET_NAME)";
				TARGETED_DEVICE_FAMILY = "1,2";
			};
			name = Debug;
		};
		DBE46B7F207C095C00F5A3BE /* Release */ = {
			isa = XCBuildConfiguration;
			buildSettings = {
				CODE_SIGN_STYLE = Automatic;
				DEVELOPMENT_TEAM = BQ2U65ZE29;
				INFOPLIST_FILE = TWLoggerTests/Info.plist;
				LD_RUNPATH_SEARCH_PATHS = (
					"$(inherited)",
					"@executable_path/Frameworks",
					"@loader_path/Frameworks",
				);
				PRODUCT_BUNDLE_IDENTIFIER = ThomasWilson.Development.TDWLoggerTests;
				PRODUCT_NAME = "$(TARGET_NAME)";
				TARGETED_DEVICE_FAMILY = "1,2";
			};
			name = Release;
		};
/* End XCBuildConfiguration section */

/* Begin XCConfigurationList section */
		DBE46B60207C095B00F5A3BE /* Build configuration list for PBXProject "TWLogger" */ = {
			isa = XCConfigurationList;
			buildConfigurations = (
				DBE46B78207C095C00F5A3BE /* Debug */,
				DBE46B79207C095C00F5A3BE /* Release */,
			);
			defaultConfigurationIsVisible = 0;
			defaultConfigurationName = Release;
		};
		DBE46B7A207C095C00F5A3BE /* Build configuration list for PBXNativeTarget "TWLogger" */ = {
			isa = XCConfigurationList;
			buildConfigurations = (
				DBE46B7B207C095C00F5A3BE /* Debug */,
				DBE46B7C207C095C00F5A3BE /* Release */,
			);
			defaultConfigurationIsVisible = 0;
			defaultConfigurationName = Release;
		};
		DBE46B7D207C095C00F5A3BE /* Build configuration list for PBXNativeTarget "TWLoggerTests" */ = {
			isa = XCConfigurationList;
			buildConfigurations = (
				DBE46B7E207C095C00F5A3BE /* Debug */,
				DBE46B7F207C095C00F5A3BE /* Release */,
			);
			defaultConfigurationIsVisible = 0;
			defaultConfigurationName = Release;
		};
/* End XCConfigurationList section */
	};
	rootObject = DBE46B5D207C095B00F5A3BE /* Project object */;
}
